{
  "name": "cs-survive-henu",
  "version": "2.0.0",
  "lockfileVersion": 3,
  "requires": true,
  "packages": {
    "": {
      "name": "cs-survive-henu",
      "version": "1.0.0",
      "license": "MIT",
      "dependencies": {
        "vue": "^3.3.4"
      },
      "devDependencies": {
        "gh-pages": "^6.0.0",
        "vitepress": "^1.0.0-rc.31"
      }
    },
    "node_modules/@types/web-bluetooth": {
      "version": "0.0.20",
      "resolved": "https://registry.npmjs.org/@types/web-bluetooth/-/web-bluetooth-0.0.20.tgz",
      "integrity": "sha512-g9gZnnXVq7gM7v3tJCWV/qw7w+KeOlSHAhgF9RytFyifW6AF61hdT2ucrYhPq9hLs5JIryeupHV3qGk95dH9ow==",
      "dev": true
    },
    "node_modules/vue": {
      "version": "3.3.4",
      "resolved": "https://registry.npmjs.org/vue/-/vue-3.3.4.tgz",
      "integrity": "sha512-VTyEYn3yvIeY1Py0WaYGZsXnz3y5UnGi62GjVEqvEGPl6nxbOrCXbVOTQWBEJUqAyTUk2uJ5JLVnYJ6ZzGbrSw==",
      "dependencies": {
        "@vue/compiler-dom": "3.3.4",
        "@vue/compiler-sfc": "3.3.4",
        "@vue/runtime-dom": "3.3.4",
        "@vue/server-renderer": "3.3.4",
        "@vue/shared": "3.3.4"
      },
      "peerDependencies": {
        "typescript": "*"
      },
      "peerDependenciesMeta": {
        "typescript": {
          "optional": true
        }
      }
    },
    "node_modules/vitepress": {
      "version": "1.0.0-rc.31",
      "resolved": "https://registry.npmjs.org/vitepress/-/vitepress-1.0.0-rc.31.tgz",
      "integrity": "sha512-b9J6cSW6J3ZaRp5TBMnFjjRLhbJuKKTyQpzjx6tI9BvNQjm8WMmxuA1y7sKqvCdSNKBF3dUmYaXJXAT5JkCvqg==",
      "dev": true,
      "dependencies": {
        "@docsearch/css": "^3.5.2",
        "@docsearch/js": "^3.5.2",
        "@types/markdown-it": "^13.0.7",
        "@vitejs/plugin-vue": "^4.4.1",
        "@vue/devtools-api": "^6.5.1",
        "@vueuse/core": "^10.5.0",
        "@vueuse/integrations": "^10.5.0",
        "focus-trap": "^7.5.4",
        "mark.js": "8.11.1",
        "minisearch": "^6.2.0",
        "mrmime": "^1.0.1",
        "shiki": "^0.14.7",
        "vite": "^4.4.12",
        "vue": "^3.3.8"
      },
      "bin": {
        "vitepress": "bin/vitepress.js"
      },
      "peerDependencies": {
        "markdown-it-anchor": "^8.4.1",
        "markdown-it-attrs": "^4.1.4"
      },
      "peerDependenciesMeta": {
        "markdown-it-anchor": {
          "optional": true
        },
        "markdown-it-attrs": {
          "optional": true
        }
      }
    },
    "node_modules/gh-pages": {
      "version": "6.0.0",
      "resolved": "https://registry.npmjs.org/gh-pages/-/gh-pages-6.0.0.tgz",
      "integrity": "sha512-FXZWJRsvP/fK2HJGY+Di6FRNHvqFF6gOIELaopDjXjxTJfyHKCcNQpqvzPP7ZF3+M6+j4FLZ3WEn9g4zYs4miA==",
      "dev": true,
      "dependencies": {
        "async": "^2.6.1",
        "commander": "^2.18.0",
        "email-addresses": "^3.0.1",
        "filenamify": "^4.3.0",
        "find-cache-dir": "^3.3.1",
        "fs-extra": "^8.1.0",
        "globby": "^6.1.0"
      },
      "bin": {
        "gh-pages": "bin/gh-pages"
      },
      "engines": {
        "node": ">=10"
      }
    }
  }
}
